
Microsoft Visual Studio Solution File, Format Version 12.00
# Visual Studio Version 16
VisualStudioVersion = 16.0.28803.452
MinimumVisualStudioVersion = 10.0.40219.1
Project("{FAE04EC0-301F-11D3-BF4B-00C04F79EFBC}") = "QuickBuy.Domain", "QuickBuy.Domain\QuickBuy.Domain.csproj", "{76518D0E-9DDE-40FC-98CA-E8F22F61CECD}"
EndProject
Project("{FAE04EC0-301F-11D3-BF4B-00C04F79EFBC}") = "QuickBuy.Repository", "QuickBuy.Repository\QuickBuy.Repository.csproj", "{659B5FFE-63CD-42D2-B05D-F5D866BAB1B9}"
EndProject
Project("{FAE04EC0-301F-11D3-BF4B-00C04F79EFBC}") = "QuickBuy.Web", "QuickBuy.Web\QuickBuy.Web.csproj", "{43F411DA-8EE5-480C-8A9D-63E694F3146F}"
EndProject
Global
	GlobalSection(SolutionConfigurationPlatforms) = preSolution
		Debug|Any CPU = Debug|Any CPU
		Release|Any CPU = Release|Any CPU
	EndGlobalSection
	GlobalSection(ProjectConfigurationPlatforms) = postSolution
		{76518D0E-9DDE-40FC-98CA-E8F22F61CECD}.Debug|Any CPU.ActiveCfg = Debug|Any CPU
		{76518D0E-9DDE-40FC-98CA-E8F22F61CECD}.Debug|Any CPU.Build.0 = Debug|Any CPU
		{76518D0E-9DDE-40FC-98CA-E8F22F61CECD}.Release|Any CPU.ActiveCfg = Release|Any CPU
		{76518D0E-9DDE-40FC-98CA-E8F22F61CECD}.Release|Any CPU.Build.0 = Release|Any CPU
		{659B5FFE-63CD-42D2-B05D-F5D866BAB1B9}.Debug|Any CPU.ActiveCfg = Debug|Any CPU
		{659B5FFE-63CD-42D2-B05D-F5D866BAB1B9}.Debug|Any CPU.Build.0 = Debug|Any CPU
		{659B5FFE-63CD-42D2-B05D-F5D866BAB1B9}.Release|Any CPU.ActiveCfg = Release|Any CPU
		{659B5FFE-63CD-42D2-B05D-F5D866BAB1B9}.Release|Any CPU.Build.0 = Release|Any CPU
		{43F411DA-8EE5-480C-8A9D-63E694F3146F}.Debug|Any CPU.ActiveCfg = Debug|Any CPU
		{43F411DA-8EE5-480C-8A9D-63E694F3146F}.Debug|Any CPU.Build.0 = Debug|Any CPU
		{43F411DA-8EE5-480C-8A9D-63E694F3146F}.Release|Any CPU.ActiveCfg = Release|Any CPU
		{43F411DA-8EE5-480C-8A9D-63E694F3146F}.Release|Any CPU.Build.0 = Release|Any CPU
	EndGlobalSection
	GlobalSection(SolutionProperties) = preSolution
		HideSolutionNode = FALSE
	EndGlobalSection
	GlobalSection(ExtensibilityGlobals) = postSolution
		SolutionGuid = {46D7ADDD-703A-428C-8949-4CD96D7E72F3}
	EndGlobalSection
EndGlobal
